
Microsoft Visual Studio Solution File, Format Version 12.00
# Visual Studio 15
VisualStudioVersion = 15.0.26430.4
MinimumVisualStudioVersion = 10.0.40219.1
Project("{FAE04EC0-301F-11D3-BF4B-00C04F79EFBC}") = "ClinicalReportingDesktop", "ClinicalReportingV2\ClinicalReportingDesktop.csproj", "{552E41AD-879E-449A-88AA-D740F7439523}"
EndProject
Project("{FAE04EC0-301F-11D3-BF4B-00C04F79EFBC}") = "ClinicalReportingMobile", "C:\Users\Sunny\Documents\Visual Studio 2017\Projects\ClinicalReportingMobile\ClinicalReportingMobile\ClinicalReportingMobile\ClinicalReportingMobile.csproj", "{26C78190-A928-4F1C-AAFA-0AD93EFD62B8}"
EndProject
Project("{FAE04EC0-301F-11D3-BF4B-00C04F79EFBC}") = "ClinicalReportingMobile.Droid", "C:\Users\Sunny\Documents\Visual Studio 2017\Projects\ClinicalReportingMobile\ClinicalReportingMobile\ClinicalReportingMobile.Droid\ClinicalReportingMobile.Droid.csproj", "{DE0004C1-665C-4714-8C2F-42F992853E89}"
EndProject
Project("{FAE04EC0-301F-11D3-BF4B-00C04F79EFBC}") = "ClinicalReportingMobile.iOS", "C:\Users\Sunny\Documents\Visual Studio 2017\Projects\ClinicalReportingMobile\ClinicalReportingMobile\ClinicalReportingMobile.iOS\ClinicalReportingMobile.iOS.csproj", "{2E82B9CD-56DF-4696-829D-05C51F4CEAAF}"
EndProject
Project("{9A19103F-16F7-4668-BE54-9A1E7A4F7556}") = "ClinicalReportingRemote", "C:\Users\Sunny\Documents\Visual Studio 2017\Projects\ClinicalReportingWeb\ClinicalReportingWeb\ClinicalReportingRemote.csproj", "{9639C972-B003-4A0D-8D44-DB6D41B062AB}"
EndProject
Project("{9A19103F-16F7-4668-BE54-9A1E7A4F7556}") = "ClinicalReporting.Model", "ClinicalReporting.Data\ClinicalReporting.Model.csproj", "{F625591A-ECD6-49E1-9A2B-432392BEAE82}"
EndProject
Project("{FAE04EC0-301F-11D3-BF4B-00C04F79EFBC}") = "ClinicalReporting.Repository", "ClinicalReporting.Repository\ClinicalReporting.Repository.csproj", "{5F239A39-D0BB-4F71-B543-0D88C1DBB7ED}"
EndProject
Global
	GlobalSection(SolutionConfigurationPlatforms) = preSolution
		Ad-Hoc|Any CPU = Ad-Hoc|Any CPU
		Ad-Hoc|iPhone = Ad-Hoc|iPhone
		Ad-Hoc|iPhoneSimulator = Ad-Hoc|iPhoneSimulator
		AppStore|Any CPU = AppStore|Any CPU
		AppStore|iPhone = AppStore|iPhone
		AppStore|iPhoneSimulator = AppStore|iPhoneSimulator
		Debug|Any CPU = Debug|Any CPU
		Debug|iPhone = Debug|iPhone
		Debug|iPhoneSimulator = Debug|iPhoneSimulator
		Release|Any CPU = Release|Any CPU
		Release|iPhone = Release|iPhone
		Release|iPhoneSimulator = Release|iPhoneSimulator
		vv|Any CPU = vv|Any CPU
		vv|iPhone = vv|iPhone
		vv|iPhoneSimulator = vv|iPhoneSimulator
	EndGlobalSection
	GlobalSection(ProjectConfigurationPlatforms) = postSolution
		{552E41AD-879E-449A-88AA-D740F7439523}.Ad-Hoc|Any CPU.ActiveCfg = Release|Any CPU
		{552E41AD-879E-449A-88AA-D740F7439523}.Ad-Hoc|Any CPU.Build.0 = Release|Any CPU
		{552E41AD-879E-449A-88AA-D740F7439523}.Ad-Hoc|iPhone.ActiveCfg = Release|Any CPU
		{552E41AD-879E-449A-88AA-D740F7439523}.Ad-Hoc|iPhone.Build.0 = Release|Any CPU
		{552E41AD-879E-449A-88AA-D740F7439523}.Ad-Hoc|iPhoneSimulator.ActiveCfg = Release|Any CPU
		{552E41AD-879E-449A-88AA-D740F7439523}.Ad-Hoc|iPhoneSimulator.Build.0 = Release|Any CPU
		{552E41AD-879E-449A-88AA-D740F7439523}.AppStore|Any CPU.ActiveCfg = Release|Any CPU
		{552E41AD-879E-449A-88AA-D740F7439523}.AppStore|Any CPU.Build.0 = Release|Any CPU
		{552E41AD-879E-449A-88AA-D740F7439523}.AppStore|iPhone.ActiveCfg = Release|Any CPU
		{552E41AD-879E-449A-88AA-D740F7439523}.AppStore|iPhone.Build.0 = Release|Any CPU
		{552E41AD-879E-449A-88AA-D740F7439523}.AppStore|iPhoneSimulator.ActiveCfg = Release|Any CPU
		{552E41AD-879E-449A-88AA-D740F7439523}.AppStore|iPhoneSimulator.Build.0 = Release|Any CPU
		{552E41AD-879E-449A-88AA-D740F7439523}.Debug|Any CPU.ActiveCfg = Debug|Any CPU
		{552E41AD-879E-449A-88AA-D740F7439523}.Debug|Any CPU.Build.0 = Debug|Any CPU
		{552E41AD-879E-449A-88AA-D740F7439523}.Debug|iPhone.ActiveCfg = Debug|Any CPU
		{552E41AD-879E-449A-88AA-D740F7439523}.Debug|iPhone.Build.0 = Debug|Any CPU
		{552E41AD-879E-449A-88AA-D740F7439523}.Debug|iPhoneSimulator.ActiveCfg = Debug|Any CPU
		{552E41AD-879E-449A-88AA-D740F7439523}.Debug|iPhoneSimulator.Build.0 = Debug|Any CPU
		{552E41AD-879E-449A-88AA-D740F7439523}.Release|Any CPU.ActiveCfg = Release|Any CPU
		{552E41AD-879E-449A-88AA-D740F7439523}.Release|Any CPU.Build.0 = Release|Any CPU
		{552E41AD-879E-449A-88AA-D740F7439523}.Release|iPhone.ActiveCfg = Release|Any CPU
		{552E41AD-879E-449A-88AA-D740F7439523}.Release|iPhone.Build.0 = Release|Any CPU
		{552E41AD-879E-449A-88AA-D740F7439523}.Release|iPhoneSimulator.ActiveCfg = Release|Any CPU
		{552E41AD-879E-449A-88AA-D740F7439523}.Release|iPhoneSimulator.Build.0 = Release|Any CPU
		{552E41AD-879E-449A-88AA-D740F7439523}.vv|Any CPU.ActiveCfg = Release|Any CPU
		{552E41AD-879E-449A-88AA-D740F7439523}.vv|Any CPU.Build.0 = Release|Any CPU
		{552E41AD-879E-449A-88AA-D740F7439523}.vv|iPhone.ActiveCfg = Release|Any CPU
		{552E41AD-879E-449A-88AA-D740F7439523}.vv|iPhone.Build.0 = Release|Any CPU
		{552E41AD-879E-449A-88AA-D740F7439523}.vv|iPhoneSimulator.ActiveCfg = Release|Any CPU
		{552E41AD-879E-449A-88AA-D740F7439523}.vv|iPhoneSimulator.Build.0 = Release|Any CPU
		{26C78190-A928-4F1C-AAFA-0AD93EFD62B8}.Ad-Hoc|Any CPU.ActiveCfg = Release|Any CPU
		{26C78190-A928-4F1C-AAFA-0AD93EFD62B8}.Ad-Hoc|Any CPU.Build.0 = Release|Any CPU
		{26C78190-A928-4F1C-AAFA-0AD93EFD62B8}.Ad-Hoc|iPhone.ActiveCfg = Release|Any CPU
		{26C78190-A928-4F1C-AAFA-0AD93EFD62B8}.Ad-Hoc|iPhone.Build.0 = Release|Any CPU
		{26C78190-A928-4F1C-AAFA-0AD93EFD62B8}.Ad-Hoc|iPhoneSimulator.ActiveCfg = Release|Any CPU
		{26C78190-A928-4F1C-AAFA-0AD93EFD62B8}.Ad-Hoc|iPhoneSimulator.Build.0 = Release|Any CPU
		{26C78190-A928-4F1C-AAFA-0AD93EFD62B8}.AppStore|Any CPU.ActiveCfg = Release|Any CPU
		{26C78190-A928-4F1C-AAFA-0AD93EFD62B8}.AppStore|Any CPU.Build.0 = Release|Any CPU
		{26C78190-A928-4F1C-AAFA-0AD93EFD62B8}.AppStore|iPhone.ActiveCfg = Release|Any CPU
		{26C78190-A928-4F1C-AAFA-0AD93EFD62B8}.AppStore|iPhone.Build.0 = Release|Any CPU
		{26C78190-A928-4F1C-AAFA-0AD93EFD62B8}.AppStore|iPhoneSimulator.ActiveCfg = Release|Any CPU
		{26C78190-A928-4F1C-AAFA-0AD93EFD62B8}.AppStore|iPhoneSimulator.Build.0 = Release|Any CPU
		{26C78190-A928-4F1C-AAFA-0AD93EFD62B8}.Debug|Any CPU.ActiveCfg = Debug|Any CPU
		{26C78190-A928-4F1C-AAFA-0AD93EFD62B8}.Debug|Any CPU.Build.0 = Debug|Any CPU
		{26C78190-A928-4F1C-AAFA-0AD93EFD62B8}.Debug|iPhone.ActiveCfg = Debug|Any CPU
		{26C78190-A928-4F1C-AAFA-0AD93EFD62B8}.Debug|iPhone.Build.0 = Debug|Any CPU
		{26C78190-A928-4F1C-AAFA-0AD93EFD62B8}.Debug|iPhoneSimulator.ActiveCfg = Debug|Any CPU
		{26C78190-A928-4F1C-AAFA-0AD93EFD62B8}.Debug|iPhoneSimulator.Build.0 = Debug|Any CPU
		{26C78190-A928-4F1C-AAFA-0AD93EFD62B8}.Release|Any CPU.ActiveCfg = Release|Any CPU
		{26C78190-A928-4F1C-AAFA-0AD93EFD62B8}.Release|Any CPU.Build.0 = Release|Any CPU
		{26C78190-A928-4F1C-AAFA-0AD93EFD62B8}.Release|iPhone.ActiveCfg = Release|Any CPU
		{26C78190-A928-4F1C-AAFA-0AD93EFD62B8}.Release|iPhone.Build.0 = Release|Any CPU
		{26C78190-A928-4F1C-AAFA-0AD93EFD62B8}.Release|iPhoneSimulator.ActiveCfg = Release|Any CPU
		{26C78190-A928-4F1C-AAFA-0AD93EFD62B8}.Release|iPhoneSimulator.Build.0 = Release|Any CPU
		{26C78190-A928-4F1C-AAFA-0AD93EFD62B8}.vv|Any CPU.ActiveCfg = vv|Any CPU
		{26C78190-A928-4F1C-AAFA-0AD93EFD62B8}.vv|Any CPU.Build.0 = vv|Any CPU
		{26C78190-A928-4F1C-AAFA-0AD93EFD62B8}.vv|iPhone.ActiveCfg = vv|Any CPU
		{26C78190-A928-4F1C-AAFA-0AD93EFD62B8}.vv|iPhone.Build.0 = vv|Any CPU
		{26C78190-A928-4F1C-AAFA-0AD93EFD62B8}.vv|iPhoneSimulator.ActiveCfg = vv|Any CPU
		{26C78190-A928-4F1C-AAFA-0AD93EFD62B8}.vv|iPhoneSimulator.Build.0 = vv|Any CPU
		{DE0004C1-665C-4714-8C2F-42F992853E89}.Ad-Hoc|Any CPU.ActiveCfg = Release|Any CPU
		{DE0004C1-665C-4714-8C2F-42F992853E89}.Ad-Hoc|Any CPU.Build.0 = Release|Any CPU
		{DE0004C1-665C-4714-8C2F-42F992853E89}.Ad-Hoc|Any CPU.Deploy.0 = Release|Any CPU
		{DE0004C1-665C-4714-8C2F-42F992853E89}.Ad-Hoc|iPhone.ActiveCfg = Release|Any CPU
		{DE0004C1-665C-4714-8C2F-42F992853E89}.Ad-Hoc|iPhone.Build.0 = Release|Any CPU
		{DE0004C1-665C-4714-8C2F-42F992853E89}.Ad-Hoc|iPhone.Deploy.0 = Release|Any CPU
		{DE0004C1-665C-4714-8C2F-42F992853E89}.Ad-Hoc|iPhoneSimulator.ActiveCfg = Release|Any CPU
		{DE0004C1-665C-4714-8C2F-42F992853E89}.Ad-Hoc|iPhoneSimulator.Build.0 = Release|Any CPU
		{DE0004C1-665C-4714-8C2F-42F992853E89}.Ad-Hoc|iPhoneSimulator.Deploy.0 = Release|Any CPU
		{DE0004C1-665C-4714-8C2F-42F992853E89}.AppStore|Any CPU.ActiveCfg = Release|Any CPU
		{DE0004C1-665C-4714-8C2F-42F992853E89}.AppStore|Any CPU.Build.0 = Release|Any CPU
		{DE0004C1-665C-4714-8C2F-42F992853E89}.AppStore|Any CPU.Deploy.0 = Release|Any CPU
		{DE0004C1-665C-4714-8C2F-42F992853E89}.AppStore|iPhone.ActiveCfg = Release|Any CPU
		{DE0004C1-665C-4714-8C2F-42F992853E89}.AppStore|iPhone.Build.0 = Release|Any CPU
		{DE0004C1-665C-4714-8C2F-42F992853E89}.AppStore|iPhone.Deploy.0 = Release|Any CPU
		{DE0004C1-665C-4714-8C2F-42F992853E89}.AppStore|iPhoneSimulator.ActiveCfg = Release|Any CPU
		{DE0004C1-665C-4714-8C2F-42F992853E89}.AppStore|iPhoneSimulator.Build.0 = Release|Any CPU
		{DE0004C1-665C-4714-8C2F-42F992853E89}.AppStore|iPhoneSimulator.Deploy.0 = Release|Any CPU
		{DE0004C1-665C-4714-8C2F-42F992853E89}.Debug|Any CPU.ActiveCfg = Debug|Any CPU
		{DE0004C1-665C-4714-8C2F-42F992853E89}.Debug|Any CPU.Build.0 = Debug|Any CPU
		{DE0004C1-665C-4714-8C2F-42F992853E89}.Debug|Any CPU.Deploy.0 = Debug|Any CPU
		{DE0004C1-665C-4714-8C2F-42F992853E89}.Debug|iPhone.ActiveCfg = Debug|Any CPU
		{DE0004C1-665C-4714-8C2F-42F992853E89}.Debug|iPhone.Build.0 = Debug|Any CPU
		{DE0004C1-665C-4714-8C2F-42F992853E89}.Debug|iPhone.Deploy.0 = Debug|Any CPU
		{DE0004C1-665C-4714-8C2F-42F992853E89}.Debug|iPhoneSimulator.ActiveCfg = Debug|Any CPU
		{DE0004C1-665C-4714-8C2F-42F992853E89}.Debug|iPhoneSimulator.Build.0 = Debug|Any CPU
		{DE0004C1-665C-4714-8C2F-42F992853E89}.Debug|iPhoneSimulator.Deploy.0 = Debug|Any CPU
		{DE0004C1-665C-4714-8C2F-42F992853E89}.Release|Any CPU.ActiveCfg = Release|Any CPU
		{DE0004C1-665C-4714-8C2F-42F992853E89}.Release|Any CPU.Build.0 = Release|Any CPU
		{DE0004C1-665C-4714-8C2F-42F992853E89}.Release|Any CPU.Deploy.0 = Release|Any CPU
		{DE0004C1-665C-4714-8C2F-42F992853E89}.Release|iPhone.ActiveCfg = Release|Any CPU
		{DE0004C1-665C-4714-8C2F-42F992853E89}.Release|iPhone.Build.0 = Release|Any CPU
		{DE0004C1-665C-4714-8C2F-42F992853E89}.Release|iPhone.Deploy.0 = Release|Any CPU
		{DE0004C1-665C-4714-8C2F-42F992853E89}.Release|iPhoneSimulator.ActiveCfg = Release|Any CPU
		{DE0004C1-665C-4714-8C2F-42F992853E89}.Release|iPhoneSimulator.Build.0 = Release|Any CPU
		{DE0004C1-665C-4714-8C2F-42F992853E89}.Release|iPhoneSimulator.Deploy.0 = Release|Any CPU
		{DE0004C1-665C-4714-8C2F-42F992853E89}.vv|Any CPU.ActiveCfg = Debug|Any CPU
		{DE0004C1-665C-4714-8C2F-42F992853E89}.vv|iPhone.ActiveCfg = Debug|Any CPU
		{DE0004C1-665C-4714-8C2F-42F992853E89}.vv|iPhoneSimulator.ActiveCfg = Debug|Any CPU
		{2E82B9CD-56DF-4696-829D-05C51F4CEAAF}.Ad-Hoc|Any CPU.ActiveCfg = Ad-Hoc|iPhone
		{2E82B9CD-56DF-4696-829D-05C51F4CEAAF}.Ad-Hoc|iPhone.ActiveCfg = Ad-Hoc|iPhone
		{2E82B9CD-56DF-4696-829D-05C51F4CEAAF}.Ad-Hoc|iPhone.Build.0 = Ad-Hoc|iPhone
		{2E82B9CD-56DF-4696-829D-05C51F4CEAAF}.Ad-Hoc|iPhoneSimulator.ActiveCfg = Ad-Hoc|iPhoneSimulator
		{2E82B9CD-56DF-4696-829D-05C51F4CEAAF}.Ad-Hoc|iPhoneSimulator.Build.0 = Ad-Hoc|iPhoneSimulator
		{2E82B9CD-56DF-4696-829D-05C51F4CEAAF}.AppStore|Any CPU.ActiveCfg = AppStore|iPhone
		{2E82B9CD-56DF-4696-829D-05C51F4CEAAF}.AppStore|iPhone.ActiveCfg = AppStore|iPhone
		{2E82B9CD-56DF-4696-829D-05C51F4CEAAF}.AppStore|iPhone.Build.0 = AppStore|iPhone
		{2E82B9CD-56DF-4696-829D-05C51F4CEAAF}.AppStore|iPhoneSimulator.ActiveCfg = AppStore|iPhoneSimulator
		{2E82B9CD-56DF-4696-829D-05C51F4CEAAF}.AppStore|iPhoneSimulator.Build.0 = AppStore|iPhoneSimulator
		{2E82B9CD-56DF-4696-829D-05C51F4CEAAF}.Debug|Any CPU.ActiveCfg = Debug|iPhone
		{2E82B9CD-56DF-4696-829D-05C51F4CEAAF}.Debug|iPhone.ActiveCfg = Debug|iPhone
		{2E82B9CD-56DF-4696-829D-05C51F4CEAAF}.Debug|iPhone.Build.0 = Debug|iPhone
		{2E82B9CD-56DF-4696-829D-05C51F4CEAAF}.Debug|iPhoneSimulator.ActiveCfg = Debug|iPhoneSimulator
		{2E82B9CD-56DF-4696-829D-05C51F4CEAAF}.Debug|iPhoneSimulator.Build.0 = Debug|iPhoneSimulator
		{2E82B9CD-56DF-4696-829D-05C51F4CEAAF}.Release|Any CPU.ActiveCfg = Release|iPhone
		{2E82B9CD-56DF-4696-829D-05C51F4CEAAF}.Release|iPhone.ActiveCfg = Release|iPhone
		{2E82B9CD-56DF-4696-829D-05C51F4CEAAF}.Release|iPhone.Build.0 = Release|iPhone
		{2E82B9CD-56DF-4696-829D-05C51F4CEAAF}.Release|iPhoneSimulator.ActiveCfg = Release|iPhoneSimulator
		{2E82B9CD-56DF-4696-829D-05C51F4CEAAF}.Release|iPhoneSimulator.Build.0 = Release|iPhoneSimulator
		{2E82B9CD-56DF-4696-829D-05C51F4CEAAF}.vv|Any CPU.ActiveCfg = vv|iPhone
		{2E82B9CD-56DF-4696-829D-05C51F4CEAAF}.vv|iPhone.ActiveCfg = vv|iPhone
		{2E82B9CD-56DF-4696-829D-05C51F4CEAAF}.vv|iPhone.Build.0 = vv|iPhone
		{2E82B9CD-56DF-4696-829D-05C51F4CEAAF}.vv|iPhoneSimulator.ActiveCfg = vv|iPhoneSimulator
		{2E82B9CD-56DF-4696-829D-05C51F4CEAAF}.vv|iPhoneSimulator.Build.0 = vv|iPhoneSimulator
		{9639C972-B003-4A0D-8D44-DB6D41B062AB}.Ad-Hoc|Any CPU.ActiveCfg = Debug|Any CPU
		{9639C972-B003-4A0D-8D44-DB6D41B062AB}.Ad-Hoc|Any CPU.Build.0 = Debug|Any CPU
		{9639C972-B003-4A0D-8D44-DB6D41B062AB}.Ad-Hoc|iPhone.ActiveCfg = Debug|Any CPU
		{9639C972-B003-4A0D-8D44-DB6D41B062AB}.Ad-Hoc|iPhone.Build.0 = Debug|Any CPU
		{9639C972-B003-4A0D-8D44-DB6D41B062AB}.Ad-Hoc|iPhoneSimulator.ActiveCfg = Debug|Any CPU
		{9639C972-B003-4A0D-8D44-DB6D41B062AB}.Ad-Hoc|iPhoneSimulator.Build.0 = Debug|Any CPU
		{9639C972-B003-4A0D-8D44-DB6D41B062AB}.AppStore|Any CPU.ActiveCfg = Debug|Any CPU
		{9639C972-B003-4A0D-8D44-DB6D41B062AB}.AppStore|Any CPU.Build.0 = Debug|Any CPU
		{9639C972-B003-4A0D-8D44-DB6D41B062AB}.AppStore|iPhone.ActiveCfg = Debug|Any CPU
		{9639C972-B003-4A0D-8D44-DB6D41B062AB}.AppStore|iPhone.Build.0 = Debug|Any CPU
		{9639C972-B003-4A0D-8D44-DB6D41B062AB}.AppStore|iPhoneSimulator.ActiveCfg = Debug|Any CPU
		{9639C972-B003-4A0D-8D44-DB6D41B062AB}.AppStore|iPhoneSimulator.Build.0 = Debug|Any CPU
		{9639C972-B003-4A0D-8D44-DB6D41B062AB}.Debug|Any CPU.ActiveCfg = Debug|Any CPU
		{9639C972-B003-4A0D-8D44-DB6D41B062AB}.Debug|Any CPU.Build.0 = Debug|Any CPU
		{9639C972-B003-4A0D-8D44-DB6D41B062AB}.Debug|iPhone.ActiveCfg = Debug|Any CPU
		{9639C972-B003-4A0D-8D44-DB6D41B062AB}.Debug|iPhone.Build.0 = Debug|Any CPU
		{9639C972-B003-4A0D-8D44-DB6D41B062AB}.Debug|iPhoneSimulator.ActiveCfg = Debug|Any CPU
		{9639C972-B003-4A0D-8D44-DB6D41B062AB}.Debug|iPhoneSimulator.Build.0 = Debug|Any CPU
		{9639C972-B003-4A0D-8D44-DB6D41B062AB}.Release|Any CPU.ActiveCfg = Release|Any CPU
		{9639C972-B003-4A0D-8D44-DB6D41B062AB}.Release|Any CPU.Build.0 = Release|Any CPU
		{9639C972-B003-4A0D-8D44-DB6D41B062AB}.Release|iPhone.ActiveCfg = Release|Any CPU
		{9639C972-B003-4A0D-8D44-DB6D41B062AB}.Release|iPhone.Build.0 = Release|Any CPU
		{9639C972-B003-4A0D-8D44-DB6D41B062AB}.Release|iPhoneSimulator.ActiveCfg = Release|Any CPU
		{9639C972-B003-4A0D-8D44-DB6D41B062AB}.Release|iPhoneSimulator.Build.0 = Release|Any CPU
		{9639C972-B003-4A0D-8D44-DB6D41B062AB}.vv|Any CPU.ActiveCfg = Debug|Any CPU
		{9639C972-B003-4A0D-8D44-DB6D41B062AB}.vv|Any CPU.Build.0 = Debug|Any CPU
		{9639C972-B003-4A0D-8D44-DB6D41B062AB}.vv|iPhone.ActiveCfg = Debug|Any CPU
		{9639C972-B003-4A0D-8D44-DB6D41B062AB}.vv|iPhone.Build.0 = Debug|Any CPU
		{9639C972-B003-4A0D-8D44-DB6D41B062AB}.vv|iPhoneSimulator.ActiveCfg = Debug|Any CPU
		{9639C972-B003-4A0D-8D44-DB6D41B062AB}.vv|iPhoneSimulator.Build.0 = Debug|Any CPU
		{F625591A-ECD6-49E1-9A2B-432392BEAE82}.Ad-Hoc|Any CPU.ActiveCfg = Debug|Any CPU
		{F625591A-ECD6-49E1-9A2B-432392BEAE82}.Ad-Hoc|Any CPU.Build.0 = Debug|Any CPU
		{F625591A-ECD6-49E1-9A2B-432392BEAE82}.Ad-Hoc|iPhone.ActiveCfg = Debug|Any CPU
		{F625591A-ECD6-49E1-9A2B-432392BEAE82}.Ad-Hoc|iPhone.Build.0 = Debug|Any CPU
		{F625591A-ECD6-49E1-9A2B-432392BEAE82}.Ad-Hoc|iPhoneSimulator.ActiveCfg = Debug|Any CPU
		{F625591A-ECD6-49E1-9A2B-432392BEAE82}.Ad-Hoc|iPhoneSimulator.Build.0 = Debug|Any CPU
		{F625591A-ECD6-49E1-9A2B-432392BEAE82}.AppStore|Any CPU.ActiveCfg = Debug|Any CPU
		{F625591A-ECD6-49E1-9A2B-432392BEAE82}.AppStore|Any CPU.Build.0 = Debug|Any CPU
		{F625591A-ECD6-49E1-9A2B-432392BEAE82}.AppStore|iPhone.ActiveCfg = Debug|Any CPU
		{F625591A-ECD6-49E1-9A2B-432392BEAE82}.AppStore|iPhone.Build.0 = Debug|Any CPU
		{F625591A-ECD6-49E1-9A2B-432392BEAE82}.AppStore|iPhoneSimulator.ActiveCfg = Debug|Any CPU
		{F625591A-ECD6-49E1-9A2B-432392BEAE82}.AppStore|iPhoneSimulator.Build.0 = Debug|Any CPU
		{F625591A-ECD6-49E1-9A2B-432392BEAE82}.Debug|Any CPU.ActiveCfg = Debug|Any CPU
		{F625591A-ECD6-49E1-9A2B-432392BEAE82}.Debug|Any CPU.Build.0 = Debug|Any CPU
		{F625591A-ECD6-49E1-9A2B-432392BEAE82}.Debug|iPhone.ActiveCfg = Debug|Any CPU
		{F625591A-ECD6-49E1-9A2B-432392BEAE82}.Debug|iPhone.Build.0 = Debug|Any CPU
		{F625591A-ECD6-49E1-9A2B-432392BEAE82}.Debug|iPhoneSimulator.ActiveCfg = Debug|Any CPU
		{F625591A-ECD6-49E1-9A2B-432392BEAE82}.Debug|iPhoneSimulator.Build.0 = Debug|Any CPU
		{F625591A-ECD6-49E1-9A2B-432392BEAE82}.Release|Any CPU.ActiveCfg = Release|Any CPU
		{F625591A-ECD6-49E1-9A2B-432392BEAE82}.Release|Any CPU.Build.0 = Release|Any CPU
		{F625591A-ECD6-49E1-9A2B-432392BEAE82}.Release|iPhone.ActiveCfg = Release|Any CPU
		{F625591A-ECD6-49E1-9A2B-432392BEAE82}.Release|iPhone.Build.0 = Release|Any CPU
		{F625591A-ECD6-49E1-9A2B-432392BEAE82}.Release|iPhoneSimulator.ActiveCfg = Release|Any CPU
		{F625591A-ECD6-49E1-9A2B-432392BEAE82}.Release|iPhoneSimulator.Build.0 = Release|Any CPU
		{F625591A-ECD6-49E1-9A2B-432392BEAE82}.vv|Any CPU.ActiveCfg = Debug|Any CPU
		{F625591A-ECD6-49E1-9A2B-432392BEAE82}.vv|Any CPU.Build.0 = Debug|Any CPU
		{F625591A-ECD6-49E1-9A2B-432392BEAE82}.vv|iPhone.ActiveCfg = Debug|Any CPU
		{F625591A-ECD6-49E1-9A2B-432392BEAE82}.vv|iPhone.Build.0 = Debug|Any CPU
		{F625591A-ECD6-49E1-9A2B-432392BEAE82}.vv|iPhoneSimulator.ActiveCfg = Debug|Any CPU
		{F625591A-ECD6-49E1-9A2B-432392BEAE82}.vv|iPhoneSimulator.Build.0 = Debug|Any CPU
		{5F239A39-D0BB-4F71-B543-0D88C1DBB7ED}.Ad-Hoc|Any CPU.ActiveCfg = Debug|Any CPU
		{5F239A39-D0BB-4F71-B543-0D88C1DBB7ED}.Ad-Hoc|Any CPU.Build.0 = Debug|Any CPU
		{5F239A39-D0BB-4F71-B543-0D88C1DBB7ED}.Ad-Hoc|iPhone.ActiveCfg = Debug|Any CPU
		{5F239A39-D0BB-4F71-B543-0D88C1DBB7ED}.Ad-Hoc|iPhone.Build.0 = Debug|Any CPU
		{5F239A39-D0BB-4F71-B543-0D88C1DBB7ED}.Ad-Hoc|iPhoneSimulator.ActiveCfg = Debug|Any CPU
		{5F239A39-D0BB-4F71-B543-0D88C1DBB7ED}.Ad-Hoc|iPhoneSimulator.Build.0 = Debug|Any CPU
		{5F239A39-D0BB-4F71-B543-0D88C1DBB7ED}.AppStore|Any CPU.ActiveCfg = Debug|Any CPU
		{5F239A39-D0BB-4F71-B543-0D88C1DBB7ED}.AppStore|Any CPU.Build.0 = Debug|Any CPU
		{5F239A39-D0BB-4F71-B543-0D88C1DBB7ED}.AppStore|iPhone.ActiveCfg = Debug|Any CPU
		{5F239A39-D0BB-4F71-B543-0D88C1DBB7ED}.AppStore|iPhone.Build.0 = Debug|Any CPU
		{5F239A39-D0BB-4F71-B543-0D88C1DBB7ED}.AppStore|iPhoneSimulator.ActiveCfg = Debug|Any CPU
		{5F239A39-D0BB-4F71-B543-0D88C1DBB7ED}.AppStore|iPhoneSimulator.Build.0 = Debug|Any CPU
		{5F239A39-D0BB-4F71-B543-0D88C1DBB7ED}.Debug|Any CPU.ActiveCfg = Debug|Any CPU
		{5F239A39-D0BB-4F71-B543-0D88C1DBB7ED}.Debug|Any CPU.Build.0 = Debug|Any CPU
		{5F239A39-D0BB-4F71-B543-0D88C1DBB7ED}.Debug|iPhone.ActiveCfg = Debug|Any CPU
		{5F239A39-D0BB-4F71-B543-0D88C1DBB7ED}.Debug|iPhone.Build.0 = Debug|Any CPU
		{5F239A39-D0BB-4F71-B543-0D88C1DBB7ED}.Debug|iPhoneSimulator.ActiveCfg = Debug|Any CPU
		{5F239A39-D0BB-4F71-B543-0D88C1DBB7ED}.Debug|iPhoneSimulator.Build.0 = Debug|Any CPU
		{5F239A39-D0BB-4F71-B543-0D88C1DBB7ED}.Release|Any CPU.ActiveCfg = Release|Any CPU
		{5F239A39-D0BB-4F71-B543-0D88C1DBB7ED}.Release|Any CPU.Build.0 = Release|Any CPU
		{5F239A39-D0BB-4F71-B543-0D88C1DBB7ED}.Release|iPhone.ActiveCfg = Release|Any CPU
		{5F239A39-D0BB-4F71-B543-0D88C1DBB7ED}.Release|iPhone.Build.0 = Release|Any CPU
		{5F239A39-D0BB-4F71-B543-0D88C1DBB7ED}.Release|iPhoneSimulator.ActiveCfg = Release|Any CPU
		{5F239A39-D0BB-4F71-B543-0D88C1DBB7ED}.Release|iPhoneSimulator.Build.0 = Release|Any CPU
		{5F239A39-D0BB-4F71-B543-0D88C1DBB7ED}.vv|Any CPU.ActiveCfg = Debug|Any CPU
		{5F239A39-D0BB-4F71-B543-0D88C1DBB7ED}.vv|Any CPU.Build.0 = Debug|Any CPU
		{5F239A39-D0BB-4F71-B543-0D88C1DBB7ED}.vv|iPhone.ActiveCfg = Debug|Any CPU
		{5F239A39-D0BB-4F71-B543-0D88C1DBB7ED}.vv|iPhone.Build.0 = Debug|Any CPU
		{5F239A39-D0BB-4F71-B543-0D88C1DBB7ED}.vv|iPhoneSimulator.ActiveCfg = Debug|Any CPU
		{5F239A39-D0BB-4F71-B543-0D88C1DBB7ED}.vv|iPhoneSimulator.Build.0 = Debug|Any CPU
	EndGlobalSection
	GlobalSection(SolutionProperties) = preSolution
		HideSolutionNode = FALSE
	EndGlobalSection
	GlobalSection(TeamFoundationVersionControl) = preSolution
		SccNumberOfProjects = 8
		SccEnterpriseProvider = {4CA58AB2-18FA-4F8D-95D4-32DDF27D184C}
		SccTeamFoundationServer = https://sunnygb.visualstudio.com/defaultcollection
		SccLocalPath0 = .
		SccProjectUniqueName1 = ClinicalReportingV2\\ClinicalReportingDesktop.csproj
		SccProjectName1 = ClinicalReportingV2
		SccLocalPath1 = ClinicalReportingV2
		SccProjectUniqueName2 = ClinicalReporting.Data\\ClinicalReporting.Model.csproj
		SccProjectName2 = ClinicalReporting.Data
		SccLocalPath2 = ClinicalReporting.Data
		SccProjectUniqueName3 = C:\\Users\\Sunny\\Documents\\Visual\u0020Studio\u00202017\\Projects\\ClinicalReportingMobile\\ClinicalReportingMobile\\ClinicalReportingMobile\\ClinicalReportingMobile.csproj
		SccProjectName3 = ClinicalReportingMobile
		SccLocalPath3 = C:\\Users\\Sunny\\Documents\\Visual\u0020Studio\u00202017\\Projects\\ClinicalReportingMobile\\ClinicalReportingMobile\\ClinicalReportingMobile
		SccProjectUniqueName4 = C:\\Users\\Sunny\\Documents\\Visual\u0020Studio\u00202017\\Projects\\ClinicalReportingMobile\\ClinicalReportingMobile\\ClinicalReportingMobile.Droid\\ClinicalReportingMobile.Droid.csproj
		SccProjectName4 = ClinicalReportingMobile.Droid
		SccLocalPath4 = C:\\Users\\Sunny\\Documents\\Visual\u0020Studio\u00202017\\Projects\\ClinicalReportingMobile\\ClinicalReportingMobile\\ClinicalReportingMobile.Droid
		SccProjectUniqueName5 = C:\\Users\\Sunny\\Documents\\Visual\u0020Studio\u00202017\\Projects\\ClinicalReportingMobile\\ClinicalReportingMobile\\ClinicalReportingMobile.iOS\\ClinicalReportingMobile.iOS.csproj
		SccProjectName5 = ClinicalReportingMobile.iOS
		SccLocalPath5 = C:\\Users\\Sunny\\Documents\\Visual\u0020Studio\u00202017\\Projects\\ClinicalReportingMobile\\ClinicalReportingMobile\\ClinicalReportingMobile.iOS
		SccProjectUniqueName6 = C:\\Users\\Sunny\\Documents\\Visual\u0020Studio\u00202017\\Projects\\ClinicalReportingWeb\\ClinicalReportingWeb\\ClinicalReportingRemote.csproj
		SccProjectName6 = ClinicalReportingWeb
		SccLocalPath6 = C:\\Users\\Sunny\\Documents\\Visual\u0020Studio\u00202017\\Projects\\ClinicalReportingWeb\\ClinicalReportingWeb
		SccProjectUniqueName7 = ClinicalReporting.Repository\\ClinicalReporting.Repository.csproj
		SccProjectName7 = ClinicalReporting.Repository
		SccLocalPath7 = ClinicalReporting.Repository
	EndGlobalSection
EndGlobal
